
Microsoft Visual Studio Solution File, Format Version 12.00
# Visual Studio 15
VisualStudioVersion = 15.0.26730.3
MinimumVisualStudioVersion = 10.0.40219.1
Project("{FAE04EC0-301F-11D3-BF4B-00C04F79EFBC}") = "CH01.DependencyProperties", "CH01.DependencyProperties\CH01.DependencyProperties.csproj", "{634C3505-B01A-4EEB-99BE-6DE2180E0485}"
EndProject
Global
	GlobalSection(SolutionConfigurationPlatforms) = preSolution
		Debug|Any CPU = Debug|Any CPU
		Release|Any CPU = Release|Any CPU
	EndGlobalSection
	GlobalSection(ProjectConfigurationPlatforms) = postSolution
		{634C3505-B01A-4EEB-99BE-6DE2180E0485}.Debug|Any CPU.ActiveCfg = Debug|Any CPU
		{634C3505-B01A-4EEB-99BE-6DE2180E0485}.Debug|Any CPU.Build.0 = Debug|Any CPU
		{634C3505-B01A-4EEB-99BE-6DE2180E0485}.Release|Any CPU.ActiveCfg = Release|Any CPU
		{634C3505-B01A-4EEB-99BE-6DE2180E0485}.Release|Any CPU.Build.0 = Release|Any CPU
	EndGlobalSection
	GlobalSection(SolutionProperties) = preSolution
		HideSolutionNode = FALSE
	EndGlobalSection
	GlobalSection(ExtensibilityGlobals) = postSolution
		SolutionGuid = {DB66430F-922B-43C6-A63D-3866F1704D82}
	EndGlobalSection
EndGlobal
