
Microsoft Visual Studio Solution File, Format Version 12.00
# Visual Studio 15
VisualStudioVersion = 15.0.28307.136
MinimumVisualStudioVersion = 10.0.40219.1
Project("{FAE04EC0-301F-11D3-BF4B-00C04F79EFBC}") = "CH03.BorderDemo", "CH03.BorderDemo\CH03.BorderDemo.csproj", "{59759028-13BD-4806-ADBB-635A2F193EE4}"
EndProject
Global
	GlobalSection(SolutionConfigurationPlatforms) = preSolution
		Debug|Any CPU = Debug|Any CPU
		Release|Any CPU = Release|Any CPU
	EndGlobalSection
	GlobalSection(ProjectConfigurationPlatforms) = postSolution
		{59759028-13BD-4806-ADBB-635A2F193EE4}.Debug|Any CPU.ActiveCfg = Debug|Any CPU
		{59759028-13BD-4806-ADBB-635A2F193EE4}.Debug|Any CPU.Build.0 = Debug|Any CPU
		{59759028-13BD-4806-ADBB-635A2F193EE4}.Release|Any CPU.ActiveCfg = Release|Any CPU
		{59759028-13BD-4806-ADBB-635A2F193EE4}.Release|Any CPU.Build.0 = Release|Any CPU
	EndGlobalSection
	GlobalSection(SolutionProperties) = preSolution
		HideSolutionNode = FALSE
	EndGlobalSection
	GlobalSection(ExtensibilityGlobals) = postSolution
		SolutionGuid = {BF7AAE72-0032-4F25-8129-06AD6C5438F7}
	EndGlobalSection
EndGlobal
