
Microsoft Visual Studio Solution File, Format Version 12.00
# Visual Studio 15
VisualStudioVersion = 15.0.28307.136
MinimumVisualStudioVersion = 10.0.40219.1
Project("{FAE04EC0-301F-11D3-BF4B-00C04F79EFBC}") = "CH03.ScrollDemo", "CH03.ScrollDemo\CH03.ScrollDemo.csproj", "{DCFE4249-EF46-4DC2-A982-DD75C61411BE}"
EndProject
Global
	GlobalSection(SolutionConfigurationPlatforms) = preSolution
		Debug|Any CPU = Debug|Any CPU
		Release|Any CPU = Release|Any CPU
	EndGlobalSection
	GlobalSection(ProjectConfigurationPlatforms) = postSolution
		{DCFE4249-EF46-4DC2-A982-DD75C61411BE}.Debug|Any CPU.ActiveCfg = Debug|Any CPU
		{DCFE4249-EF46-4DC2-A982-DD75C61411BE}.Debug|Any CPU.Build.0 = Debug|Any CPU
		{DCFE4249-EF46-4DC2-A982-DD75C61411BE}.Release|Any CPU.ActiveCfg = Release|Any CPU
		{DCFE4249-EF46-4DC2-A982-DD75C61411BE}.Release|Any CPU.Build.0 = Release|Any CPU
	EndGlobalSection
	GlobalSection(SolutionProperties) = preSolution
		HideSolutionNode = FALSE
	EndGlobalSection
	GlobalSection(ExtensibilityGlobals) = postSolution
		SolutionGuid = {F73778E4-66A8-4629-A758-749570FE39A6}
	EndGlobalSection
EndGlobal
