
Microsoft Visual Studio Solution File, Format Version 12.00
# Visual Studio 15
VisualStudioVersion = 15.0.26730.3
MinimumVisualStudioVersion = 10.0.40219.1
Project("{FAE04EC0-301F-11D3-BF4B-00C04F79EFBC}") = "CH01.CustomMarkupExtension", "CH01.CustomMarkupExtension\CH01.CustomMarkupExtension.csproj", "{089AA78B-50F8-482C-8312-C0B6BF121C69}"
EndProject
Project("{FAE04EC0-301F-11D3-BF4B-00C04F79EFBC}") = "CH01.TestRandom", "CH01.TestRandom\CH01.TestRandom.csproj", "{E9CE05A1-CBF2-457B-A967-17393DDD817D}"
EndProject
Global
	GlobalSection(SolutionConfigurationPlatforms) = preSolution
		Debug|Any CPU = Debug|Any CPU
		Release|Any CPU = Release|Any CPU
	EndGlobalSection
	GlobalSection(ProjectConfigurationPlatforms) = postSolution
		{089AA78B-50F8-482C-8312-C0B6BF121C69}.Debug|Any CPU.ActiveCfg = Debug|Any CPU
		{089AA78B-50F8-482C-8312-C0B6BF121C69}.Debug|Any CPU.Build.0 = Debug|Any CPU
		{089AA78B-50F8-482C-8312-C0B6BF121C69}.Release|Any CPU.ActiveCfg = Release|Any CPU
		{089AA78B-50F8-482C-8312-C0B6BF121C69}.Release|Any CPU.Build.0 = Release|Any CPU
		{E9CE05A1-CBF2-457B-A967-17393DDD817D}.Debug|Any CPU.ActiveCfg = Debug|Any CPU
		{E9CE05A1-CBF2-457B-A967-17393DDD817D}.Debug|Any CPU.Build.0 = Debug|Any CPU
		{E9CE05A1-CBF2-457B-A967-17393DDD817D}.Release|Any CPU.ActiveCfg = Release|Any CPU
		{E9CE05A1-CBF2-457B-A967-17393DDD817D}.Release|Any CPU.Build.0 = Release|Any CPU
	EndGlobalSection
	GlobalSection(SolutionProperties) = preSolution
		HideSolutionNode = FALSE
	EndGlobalSection
	GlobalSection(ExtensibilityGlobals) = postSolution
		SolutionGuid = {0DD6D9E1-F4F6-4B92-800F-EE836DF4CEA0}
	EndGlobalSection
EndGlobal
