
Microsoft Visual Studio Solution File, Format Version 12.00
# Visual Studio 15
VisualStudioVersion = 15.0.26730.3
MinimumVisualStudioVersion = 10.0.40219.1
Project("{FAE04EC0-301F-11D3-BF4B-00C04F79EFBC}") = "CH01.TestRandom", "CH01.TestRandom\CH01.TestRandom.csproj", "{E9CE05A1-CBF2-457B-A967-17393DDD817D}"
EndProject
Project("{FAE04EC0-301F-11D3-BF4B-00C04F79EFBC}") = "CH01.CustomMarkupExtension", "CH01.CustomMarkupExtension\CH01.CustomMarkupExtension.csproj", "{12A9E6BB-8738-4E52-A454-E3E5E92411DB}"
EndProject
Global
	GlobalSection(SolutionConfigurationPlatforms) = preSolution
		Debug|Any CPU = Debug|Any CPU
		Debug|x86 = Debug|x86
		Release|Any CPU = Release|Any CPU
		Release|x86 = Release|x86
	EndGlobalSection
	GlobalSection(ProjectConfigurationPlatforms) = postSolution
		{E9CE05A1-CBF2-457B-A967-17393DDD817D}.Debug|Any CPU.ActiveCfg = Debug|Any CPU
		{E9CE05A1-CBF2-457B-A967-17393DDD817D}.Debug|Any CPU.Build.0 = Debug|Any CPU
		{E9CE05A1-CBF2-457B-A967-17393DDD817D}.Debug|x86.ActiveCfg = Debug|x86
		{E9CE05A1-CBF2-457B-A967-17393DDD817D}.Debug|x86.Build.0 = Debug|x86
		{E9CE05A1-CBF2-457B-A967-17393DDD817D}.Release|Any CPU.ActiveCfg = Release|Any CPU
		{E9CE05A1-CBF2-457B-A967-17393DDD817D}.Release|Any CPU.Build.0 = Release|Any CPU
		{E9CE05A1-CBF2-457B-A967-17393DDD817D}.Release|x86.ActiveCfg = Release|x86
		{E9CE05A1-CBF2-457B-A967-17393DDD817D}.Release|x86.Build.0 = Release|x86
		{12A9E6BB-8738-4E52-A454-E3E5E92411DB}.Debug|Any CPU.ActiveCfg = Debug|Any CPU
		{12A9E6BB-8738-4E52-A454-E3E5E92411DB}.Debug|Any CPU.Build.0 = Debug|Any CPU
		{12A9E6BB-8738-4E52-A454-E3E5E92411DB}.Debug|x86.ActiveCfg = Debug|x86
		{12A9E6BB-8738-4E52-A454-E3E5E92411DB}.Debug|x86.Build.0 = Debug|x86
		{12A9E6BB-8738-4E52-A454-E3E5E92411DB}.Release|Any CPU.ActiveCfg = Release|Any CPU
		{12A9E6BB-8738-4E52-A454-E3E5E92411DB}.Release|Any CPU.Build.0 = Release|Any CPU
		{12A9E6BB-8738-4E52-A454-E3E5E92411DB}.Release|x86.ActiveCfg = Release|x86
		{12A9E6BB-8738-4E52-A454-E3E5E92411DB}.Release|x86.Build.0 = Release|x86
	EndGlobalSection
	GlobalSection(SolutionProperties) = preSolution
		HideSolutionNode = FALSE
	EndGlobalSection
	GlobalSection(ExtensibilityGlobals) = postSolution
		SolutionGuid = {0DD6D9E1-F4F6-4B92-800F-EE836DF4CEA0}
	EndGlobalSection
EndGlobal
