
Microsoft Visual Studio Solution File, Format Version 12.00
# Visual Studio 15
VisualStudioVersion = 15.0.26730.3
MinimumVisualStudioVersion = 10.0.40219.1
Project("{FAE04EC0-301F-11D3-BF4B-00C04F79EFBC}") = "CH01.SimpleAttached", "CH01.SimpleAttached\CH01.SimpleAttached.csproj", "{36354F47-D773-4578-88BC-7915DDE11BDF}"
EndProject
Global
	GlobalSection(SolutionConfigurationPlatforms) = preSolution
		Debug|Any CPU = Debug|Any CPU
		Release|Any CPU = Release|Any CPU
	EndGlobalSection
	GlobalSection(ProjectConfigurationPlatforms) = postSolution
		{36354F47-D773-4578-88BC-7915DDE11BDF}.Debug|Any CPU.ActiveCfg = Debug|Any CPU
		{36354F47-D773-4578-88BC-7915DDE11BDF}.Debug|Any CPU.Build.0 = Debug|Any CPU
		{36354F47-D773-4578-88BC-7915DDE11BDF}.Release|Any CPU.ActiveCfg = Release|Any CPU
		{36354F47-D773-4578-88BC-7915DDE11BDF}.Release|Any CPU.Build.0 = Release|Any CPU
	EndGlobalSection
	GlobalSection(SolutionProperties) = preSolution
		HideSolutionNode = FALSE
	EndGlobalSection
	GlobalSection(ExtensibilityGlobals) = postSolution
		SolutionGuid = {0F5C32C6-0E07-48D0-A977-F8D14B573D1E}
	EndGlobalSection
EndGlobal
