
Microsoft Visual Studio Solution File, Format Version 12.00
# Visual Studio 15
VisualStudioVersion = 15.0.28010.2050
MinimumVisualStudioVersion = 10.0.40219.1
Project("{FAE04EC0-301F-11D3-BF4B-00C04F79EFBC}") = "CH02.BinaryResourcesInCode", "CH02.BinaryResourcesInCode\CH02.BinaryResourcesInCode.csproj", "{30029ADF-0F17-4734-8FE3-2101FD0CCA43}"
EndProject
Global
	GlobalSection(SolutionConfigurationPlatforms) = preSolution
		Debug|Any CPU = Debug|Any CPU
		Release|Any CPU = Release|Any CPU
	EndGlobalSection
	GlobalSection(ProjectConfigurationPlatforms) = postSolution
		{30029ADF-0F17-4734-8FE3-2101FD0CCA43}.Debug|Any CPU.ActiveCfg = Debug|Any CPU
		{30029ADF-0F17-4734-8FE3-2101FD0CCA43}.Debug|Any CPU.Build.0 = Debug|Any CPU
		{30029ADF-0F17-4734-8FE3-2101FD0CCA43}.Release|Any CPU.ActiveCfg = Release|Any CPU
		{30029ADF-0F17-4734-8FE3-2101FD0CCA43}.Release|Any CPU.Build.0 = Release|Any CPU
	EndGlobalSection
	GlobalSection(SolutionProperties) = preSolution
		HideSolutionNode = FALSE
	EndGlobalSection
	GlobalSection(ExtensibilityGlobals) = postSolution
		SolutionGuid = {913A0CED-4EB1-4D7D-AB03-943342DFD641}
	EndGlobalSection
EndGlobal
